// !$*UTF8*$!
{
	archiveVersion = 1;
	classes = {
	};
	objectVersion = 50;
	objects = {

/* Begin PBXBuildFile section */
		8D16AADD222316BC00FF9081 /* AppDelegate.swift in Sources */ = {isa = PBXBuildFile; fileRef = 8D16AADC222316BC00FF9081 /* AppDelegate.swift */; };
		8D16AADF222316BC00FF9081 /* ViewController.swift in Sources */ = {isa = PBXBuildFile; fileRef = 8D16AADE222316BC00FF9081 /* ViewController.swift */; };
		8D16AAE2222316BC00FF9081 /* Main.storyboard in Resources */ = {isa = PBXBuildFile; fileRef = 8D16AAE0222316BC00FF9081 /* Main.storyboard */; };
		8D16AAE4222316C000FF9081 /* Assets.xcassets in Resources */ = {isa = PBXBuildFile; fileRef = 8D16AAE3222316C000FF9081 /* Assets.xcassets */; };
		8D16AAE7222316C000FF9081 /* LaunchScreen.storyboard in Resources */ = {isa = PBXBuildFile; fileRef = 8D16AAE5222316C000FF9081 /* LaunchScreen.storyboard */; };
		8D16AAF02223177D00FF9081 /* card.swift in Sources */ = {isa = PBXBuildFile; fileRef = 8D16AAEF2223177D00FF9081 /* card.swift */; };
		8D16AAF222231D4600FF9081 /* set.swift in Sources */ = {isa = PBXBuildFile; fileRef = 8D16AAF122231D4600FF9081 /* set.swift */; };
/* End PBXBuildFile section */

/* Begin PBXFileReference section */
		8D16AAD9222316BC00FF9081 /* Sets.app */ = {isa = PBXFileReference; explicitFileType = wrapper.application; includeInIndex = 0; path = Sets.app; sourceTree = BUILT_PRODUCTS_DIR; };
		8D16AADC222316BC00FF9081 /* AppDelegate.swift */ = {isa = PBXFileReference; lastKnownFileType = sourcecode.swift; path = AppDelegate.swift; sourceTree = "<group>"; };
		8D16AADE222316BC00FF9081 /* ViewController.swift */ = {isa = PBXFileReference; lastKnownFileType = sourcecode.swift; path = ViewController.swift; sourceTree = "<group>"; };
		8D16AAE1222316BC00FF9081 /* Base */ = {isa = PBXFileReference; lastKnownFileType = file.storyboard; name = Base; path = Base.lproj/Main.storyboard; sourceTree = "<group>"; };
		8D16AAE3222316C000FF9081 /* Assets.xcassets */ = {isa = PBXFileReference; lastKnownFileType = folder.assetcatalog; path = Assets.xcassets; sourceTree = "<group>"; };
		8D16AAE6222316C000FF9081 /* Base */ = {isa = PBXFileReference; lastKnownFileType = file.storyboard; name = Base; path = Base.lproj/LaunchScreen.storyboard; sourceTree = "<group>"; };
		8D16AAE8222316C000FF9081 /* Info.plist */ = {isa = PBXFileReference; lastKnownFileType = text.plist.xml; path = Info.plist; sourceTree = "<group>"; };
		8D16AAEF2223177D00FF9081 /* card.swift */ = {isa = PBXFileReference; lastKnownFileType = sourcecode.swift; path = card.swift; sourceTree = "<group>"; };
		8D16AAF122231D4600FF9081 /* set.swift */ = {isa = PBXFileReference; lastKnownFileType = sourcecode.swift; path = set.swift; sourceTree = "<group>"; };
/* End PBXFileReference section */

/* Begin PBXFrameworksBuildPhase section */
		8D16AAD6222316BC00FF9081 /* Frameworks */ = {
			isa = PBXFrameworksBuildPhase;
			buildActionMask = 2147483647;
			files = (
			);
			runOnlyForDeploymentPostprocessing = 0;
		};
/* End PBXFrameworksBuildPhase section */

/* Begin PBXGroup section */
		8D16AAD0222316BC00FF9081 = {
			isa = PBXGroup;
			children = (
				8D16AADB222316BC00FF9081 /* Sets */,
				8D16AADA222316BC00FF9081 /* Products */,
			);
			sourceTree = "<group>";
		};
		8D16AADA222316BC00FF9081 /* Products */ = {
			isa = PBXGroup;
			children = (
				8D16AAD9222316BC00FF9081 /* Sets.app */,
			);
			name = Products;
			sourceTree = "<group>";
		};
		8D16AADB222316BC00FF9081 /* Sets */ = {
			isa = PBXGroup;
			children = (
				8D16AAEE222316D200FF9081 /* Supporting Files */,
				8D16AADE222316BC00FF9081 /* ViewController.swift */,
				8D16AAE0222316BC00FF9081 /* Main.storyboard */,
				8D16AAE8222316C000FF9081 /* Info.plist */,
				8D16AAEF2223177D00FF9081 /* card.swift */,
				8D16AAF122231D4600FF9081 /* set.swift */,
			);
			path = Sets;
			sourceTree = "<group>";
		};
		8D16AAEE222316D200FF9081 /* Supporting Files */ = {
			isa = PBXGroup;
			children = (
				8D16AAE3222316C000FF9081 /* Assets.xcassets */,
				8D16AAE5222316C000FF9081 /* LaunchScreen.storyboard */,
				8D16AADC222316BC00FF9081 /* AppDelegate.swift */,
			);
			path = "Supporting Files";
			sourceTree = "<group>";
		};
/* End PBXGroup section */

/* Begin PBXNativeTarget section */
		8D16AAD8222316BC00FF9081 /* Sets */ = {
			isa = PBXNativeTarget;
			buildConfigurationList = 8D16AAEB222316C000FF9081 /* Build configuration list for PBXNativeTarget "Sets" */;
			buildPhases = (
				8D16AAD5222316BC00FF9081 /* Sources */,
				8D16AAD6222316BC00FF9081 /* Frameworks */,
				8D16AAD7222316BC00FF9081 /* Resources */,
			);
			buildRules = (
			);
			dependencies = (
			);
			name = Sets;
			productName = Sets;
			productReference = 8D16AAD9222316BC00FF9081 /* Sets.app */;
			productType = "com.apple.product-type.application";
		};
/* End PBXNativeTarget section */

/* Begin PBXProject section */
		8D16AAD1222316BC00FF9081 /* Project object */ = {
			isa = PBXProject;
			attributes = {
				LastSwiftUpdateCheck = 1010;
				LastUpgradeCheck = 1010;
				ORGANIZATIONNAME = Kesign;
				TargetAttributes = {
					8D16AAD8222316BC00FF9081 = {
						CreatedOnToolsVersion = 10.1;
					};
				};
			};
			buildConfigurationList = 8D16AAD4222316BC00FF9081 /* Build configuration list for PBXProject "Sets" */;
			compatibilityVersion = "Xcode 9.3";
			developmentRegion = en;
			hasScannedForEncodings = 0;
			knownRegions = (
				en,
				Base,
			);
			mainGroup = 8D16AAD0222316BC00FF9081;
			productRefGroup = 8D16AADA222316BC00FF9081 /* Products */;
			projectDirPath = "";
			projectRoot = "";
			targets = (
				8D16AAD8222316BC00FF9081 /* Sets */,
			);
		};
/* End PBXProject section */

/* Begin PBXResourcesBuildPhase section */
		8D16AAD7222316BC00FF9081 /* Resources */ = {
			isa = PBXResourcesBuildPhase;
			buildActionMask = 2147483647;
			files = (
				8D16AAE7222316C000FF9081 /* LaunchScreen.storyboard in Resources */,
				8D16AAE4222316C000FF9081 /* Assets.xcassets in Resources */,
				8D16AAE2222316BC00FF9081 /* Main.storyboard in Resources */,
			);
			runOnlyForDeploymentPostprocessing = 0;
		};
/* End PBXResourcesBuildPhase section */

/* Begin PBXSourcesBuildPhase section */
		8D16AAD5222316BC00FF9081 /* Sources */ = {
			isa = PBXSourcesBuildPhase;
			buildActionMask = 2147483647;
			files = (
				8D16AAF222231D4600FF9081 /* set.swift in Sources */,
				8D16AAF02223177D00FF9081 /* card.swift in Sources */,
				8D16AADF222316BC00FF9081 /* ViewController.swift in Sources */,
				8D16AADD222316BC00FF9081 /* AppDelegate.swift in Sources */,
			);
			runOnlyForDeploymentPostprocessing = 0;
		};
/* End PBXSourcesBuildPhase section */

/* Begin PBXVariantGroup section */
		8D16AAE0222316BC00FF9081 /* Main.storyboard */ = {
			isa = PBXVariantGroup;
			children = (
				8D16AAE1222316BC00FF9081 /* Base */,
			);
			name = Main.storyboard;
			sourceTree = "<group>";
		};
		8D16AAE5222316C000FF9081 /* LaunchScreen.storyboard */ = {
			isa = PBXVariantGroup;
			children = (
				8D16AAE6222316C000FF9081 /* Base */,
			);
			name = LaunchScreen.storyboard;
			sourceTree = "<group>";
		};
/* End PBXVariantGroup section */

/* Begin XCBuildConfiguration section */
		8D16AAE9222316C000FF9081 /* Debug */ = {
			isa = XCBuildConfiguration;
			buildSettings = {
				ALWAYS_SEARCH_USER_PATHS = NO;
				CLANG_ANALYZER_NONNULL = YES;
				CLANG_ANALYZER_NUMBER_OBJECT_CONVERSION = YES_AGGRESSIVE;
				CLANG_CXX_LANGUAGE_STANDARD = "gnu++14";
				CLANG_CXX_LIBRARY = "libc++";
				CLANG_ENABLE_MODULES = YES;
				CLANG_ENABLE_OBJC_ARC = YES;
				CLANG_ENABLE_OBJC_WEAK = YES;
				CLANG_WARN_BLOCK_CAPTURE_AUTORELEASING = YES;
				CLANG_WARN_BOOL_CONVERSION = YES;
				CLANG_WARN_COMMA = YES;
				CLANG_WARN_CONSTANT_CONVERSION = YES;
				CLANG_WARN_DEPRECATED_OBJC_IMPLEMENTATIONS = YES;
				CLANG_WARN_DIRECT_OBJC_ISA_USAGE = YES_ERROR;
				CLANG_WARN_DOCUMENTATION_COMMENTS = YES;
				CLANG_WARN_EMPTY_BODY = YES;
				CLANG_WARN_ENUM_CONVERSION = YES;
				CLANG_WARN_INFINITE_RECURSION = YES;
				CLANG_WARN_INT_CONVERSION = YES;
				CLANG_WARN_NON_LITERAL_NULL_CONVERSION = YES;
				CLANG_WARN_OBJC_IMPLICIT_RETAIN_SELF = YES;
				CLANG_WARN_OBJC_LITERAL_CONVERSION = YES;
				CLANG_WARN_OBJC_ROOT_CLASS = YES_ERROR;
				CLANG_WARN_RANGE_LOOP_ANALYSIS = YES;
				CLANG_WARN_STRICT_PROTOTYPES = YES;
				CLANG_WARN_SUSPICIOUS_MOVE = YES;
				CLANG_WARN_UNGUARDED_AVAILABILITY = YES_AGGRESSIVE;
				CLANG_WARN_UNREACHABLE_CODE = YES;
				CLANG_WARN__DUPLICATE_METHOD_MATCH = YES;
				CODE_SIGN_IDENTITY = "iPhone Developer";
				COPY_PHASE_STRIP = NO;
				DEBUG_INFORMATION_FORMAT = dwarf;
				ENABLE_STRICT_OBJC_MSGSEND = YES;
				ENABLE_TESTABILITY = YES;
				GCC_C_LANGUAGE_STANDARD = gnu11;
				GCC_DYNAMIC_NO_PIC = NO;
				GCC_NO_COMMON_BLOCKS = YES;
				GCC_OPTIMIZATION_LEVEL = 0;
				GCC_PREPROCESSOR_DEFINITIONS = (
					"DEBUG=1",
					"$(inherited)",
				);
				GCC_WARN_64_TO_32_BIT_CONVERSION = YES;
				GCC_WARN_ABOUT_RETURN_TYPE = YES_ERROR;
				GCC_WARN_UNDECLARED_SELECTOR = YES;
				GCC_WARN_UNINITIALIZED_AUTOS = YES_AGGRESSIVE;
				GCC_WARN_UNUSED_FUNCTION = YES;
				GCC_WARN_UNUSED_VARIABLE = YES;
				IPHONEOS_DEPLOYMENT_TARGET = 12.1;
				MTL_ENABLE_DEBUG_INFO = INCLUDE_SOURCE;
				MTL_FAST_MATH = YES;
				ONLY_ACTIVE_ARCH = YES;
				SDKROOT = iphoneos;
				SWIFT_ACTIVE_COMPILATION_CONDITIONS = DEBUG;
				SWIFT_OPTIMIZATION_LEVEL = "-Onone";
			};
			name = Debug;
		};
		8D16AAEA222316C000FF9081 /* Release */ = {
			isa = XCBuildConfiguration;
			buildSettings = {
				ALWAYS_SEARCH_USER_PATHS = NO;
				CLANG_ANALYZER_NONNULL = YES;
				CLANG_ANALYZER_NUMBER_OBJECT_CONVERSION = YES_AGGRESSIVE;
				CLANG_CXX_LANGUAGE_STANDARD = "gnu++14";
				CLANG_CXX_LIBRARY = "libc++";
				CLANG_ENABLE_MODULES = YES;
				CLANG_ENABLE_OBJC_ARC = YES;
				CLANG_ENABLE_OBJC_WEAK = YES;
				CLANG_WARN_BLOCK_CAPTURE_AUTORELEASING = YES;
				CLANG_WARN_BOOL_CONVERSION = YES;
				CLANG_WARN_COMMA = YES;
				CLANG_WARN_CONSTANT_CONVERSION = YES;
				CLANG_WARN_DEPRECATED_OBJC_IMPLEMENTATIONS = YES;
				CLANG_WARN_DIRECT_OBJC_ISA_USAGE = YES_ERROR;
				CLANG_WARN_DOCUMENTATION_COMMENTS = YES;
				CLANG_WARN_EMPTY_BODY = YES;
				CLANG_WARN_ENUM_CONVERSION = YES;
				CLANG_WARN_INFINITE_RECURSION = YES;
				CLANG_WARN_INT_CONVERSION = YES;
				CLANG_WARN_NON_LITERAL_NULL_CONVERSION = YES;
				CLANG_WARN_OBJC_IMPLICIT_RETAIN_SELF = YES;
				CLANG_WARN_OBJC_LITERAL_CONVERSION = YES;
				CLANG_WARN_OBJC_ROOT_CLASS = YES_ERROR;
				CLANG_WARN_RANGE_LOOP_ANALYSIS = YES;
				CLANG_WARN_STRICT_PROTOTYPES = YES;
				CLANG_WARN_SUSPICIOUS_MOVE = YES;
				CLANG_WARN_UNGUARDED_AVAILABILITY = YES_AGGRESSIVE;
				CLANG_WARN_UNREACHABLE_CODE = YES;
				CLANG_WARN__DUPLICATE_METHOD_MATCH = YES;
				CODE_SIGN_IDENTITY = "iPhone Developer";
				COPY_PHASE_STRIP = NO;
				DEBUG_INFORMATION_FORMAT = "dwarf-with-dsym";
				ENABLE_NS_ASSERTIONS = NO;
				ENABLE_STRICT_OBJC_MSGSEND = YES;
				GCC_C_LANGUAGE_STANDARD = gnu11;
				GCC_NO_COMMON_BLOCKS = YES;
				GCC_WARN_64_TO_32_BIT_CONVERSION = YES;
				GCC_WARN_ABOUT_RETURN_TYPE = YES_ERROR;
				GCC_WARN_UNDECLARED_SELECTOR = YES;
				GCC_WARN_UNINITIALIZED_AUTOS = YES_AGGRESSIVE;
				GCC_WARN_UNUSED_FUNCTION = YES;
				GCC_WARN_UNUSED_VARIABLE = YES;
				IPHONEOS_DEPLOYMENT_TARGET = 12.1;
				MTL_ENABLE_DEBUG_INFO = NO;
				MTL_FAST_MATH = YES;
				SDKROOT = iphoneos;
				SWIFT_COMPILATION_MODE = wholemodule;
				SWIFT_OPTIMIZATION_LEVEL = "-O";
				VALIDATE_PRODUCT = YES;
			};
			name = Release;
		};
		8D16AAEC222316C000FF9081 /* Debug */ = {
			isa = XCBuildConfiguration;
			buildSettings = {
				ASSETCATALOG_COMPILER_APPICON_NAME = AppIcon;
				CODE_SIGN_STYLE = Automatic;
				DEVELOPMENT_TEAM = CU5GME5VDY;
				INFOPLIST_FILE = Sets/Info.plist;
				LD_RUNPATH_SEARCH_PATHS = (
					"$(inherited)",
					"@executable_path/Frameworks",
				);
				PRODUCT_BUNDLE_IDENTIFIER = Kesign.apps.Sets;
				PRODUCT_NAME = "$(TARGET_NAME)";
				SWIFT_VERSION = 4.2;
				TARGETED_DEVICE_FAMILY = "1,2";
			};
			name = Debug;
		};
		8D16AAED222316C000FF9081 /* Release */ = {
			isa = XCBuildConfiguration;
			buildSettings = {
				ASSETCATALOG_COMPILER_APPICON_NAME = AppIcon;
				CODE_SIGN_STYLE = Automatic;
				DEVELOPMENT_TEAM = CU5GME5VDY;
				INFOPLIST_FILE = Sets/Info.plist;
				LD_RUNPATH_SEARCH_PATHS = (
					"$(inherited)",
					"@executable_path/Frameworks",
				);
				PRODUCT_BUNDLE_IDENTIFIER = Kesign.apps.Sets;
				PRODUCT_NAME = "$(TARGET_NAME)";
				SWIFT_VERSION = 4.2;
				TARGETED_DEVICE_FAMILY = "1,2";
			};
			name = Release;
		};
/* End XCBuildConfiguration section */

/* Begin XCConfigurationList section */
		8D16AAD4222316BC00FF9081 /* Build configuration list for PBXProject "Sets" */ = {
			isa = XCConfigurationList;
			buildConfigurations = (
				8D16AAE9222316C000FF9081 /* Debug */,
				8D16AAEA222316C000FF9081 /* Release */,
			);
			defaultConfigurationIsVisible = 0;
			defaultConfigurationName = Release;
		};
		8D16AAEB222316C000FF9081 /* Build configuration list for PBXNativeTarget "Sets" */ = {
			isa = XCConfigurationList;
			buildConfigurations = (
				8D16AAEC222316C000FF9081 /* Debug */,
				8D16AAED222316C000FF9081 /* Release */,
			);
			defaultConfigurationIsVisible = 0;
			defaultConfigurationName = Release;
		};
/* End XCConfigurationList section */
	};
	rootObject = 8D16AAD1222316BC00FF9081 /* Project object */;
}
